
Microsoft Visual Studio Solution File, Format Version 12.00
# Visual Studio Version 16
VisualStudioVersion = 16.0.30907.101
MinimumVisualStudioVersion = 10.0.40219.1
Project("{FAE04EC0-301F-11D3-BF4B-00C04F79EFBC}") = "Elaina", "Elaina\Elaina.csproj", "{ABC1C863-069B-4B24-A760-E46DED6846B8}"
EndProject
Global
	GlobalSection(SolutionConfigurationPlatforms) = preSolution
		Debug|Any CPU = Debug|Any CPU
		Release|Any CPU = Release|Any CPU
	EndGlobalSection
	GlobalSection(ProjectConfigurationPlatforms) = postSolution
		{ABC1C863-069B-4B24-A760-E46DED6846B8}.Debug|Any CPU.ActiveCfg = Debug|Any CPU
		{ABC1C863-069B-4B24-A760-E46DED6846B8}.Debug|Any CPU.Build.0 = Debug|Any CPU
		{ABC1C863-069B-4B24-A760-E46DED6846B8}.Release|Any CPU.ActiveCfg = Release|Any CPU
		{ABC1C863-069B-4B24-A760-E46DED6846B8}.Release|Any CPU.Build.0 = Release|Any CPU
	EndGlobalSection
	GlobalSection(SolutionProperties) = preSolution
		HideSolutionNode = FALSE
	EndGlobalSection
	GlobalSection(ExtensibilityGlobals) = postSolution
		SolutionGuid = {B74A178D-3A0B-4C85-BABC-50FCAE9F23D6}
	EndGlobalSection
EndGlobal
